// !$*UTF8*$!
{
	archiveVersion = 1;
	classes = {
	};
	objectVersion = 56;
	objects = {

/* Begin PBXBuildFile section */
		1DCA7CD32B3EE49E0044DC0B /* BasicError.swift in Sources */ = {isa = PBXBuildFile; fileRef = 1DCA7CD22B3EE49E0044DC0B /* BasicError.swift */; };
		1DCA7CD52B3EE5890044DC0B /* TripUIModel.swift in Sources */ = {isa = PBXBuildFile; fileRef = 1DCA7CD42B3EE5890044DC0B /* TripUIModel.swift */; };
		1DCA7CD72B46D7090044DC0B /* TripRepository.swift in Sources */ = {isa = PBXBuildFile; fileRef = 1DCA7CD62B46D7090044DC0B /* TripRepository.swift */; };
		1DCA7CD92B46D7310044DC0B /* FetchTripsImpl.swift in Sources */ = {isa = PBXBuildFile; fileRef = 1DCA7CD82B46D7310044DC0B /* FetchTripsImpl.swift */; };
		1DCA7CDD2B46D7ED0044DC0B /* TripNetworkProviderMock.swift in Sources */ = {isa = PBXBuildFile; fileRef = 1DCA7CDC2B46D7ED0044DC0B /* TripNetworkProviderMock.swift */; };
		1DCA7CE12B46D8300044DC0B /* TripNetworkProvider.swift in Sources */ = {isa = PBXBuildFile; fileRef = 1DCA7CE02B46D8300044DC0B /* TripNetworkProvider.swift */; };
		1DCA7CE42B46D8640044DC0B /* TripApiModel.swift in Sources */ = {isa = PBXBuildFile; fileRef = 1DCA7CE32B46D8640044DC0B /* TripApiModel.swift */; };
		1DCA7CE62B46D8D80044DC0B /* TripRepositoryTests.swift in Sources */ = {isa = PBXBuildFile; fileRef = 1DCA7CE52B46D8D80044DC0B /* TripRepositoryTests.swift */; };
		1DCA7CE82B46D92D0044DC0B /* TripRepositoryImpl.swift in Sources */ = {isa = PBXBuildFile; fileRef = 1DCA7CE72B46D92D0044DC0B /* TripRepositoryImpl.swift */; };
		1DCA7CED2B471DFD0044DC0B /* String+Date.swift in Sources */ = {isa = PBXBuildFile; fileRef = 1DCA7CEC2B471DFD0044DC0B /* String+Date.swift */; };
		1DCA7CEF2B4720F60044DC0B /* TestCoideUITests.swift in Sources */ = {isa = PBXBuildFile; fileRef = 1DCA7CEE2B4720F60044DC0B /* TestCoideUITests.swift */; };
		1DCA7CF12B4723940044DC0B /* TripRouter.swift in Sources */ = {isa = PBXBuildFile; fileRef = 1DCA7CF02B4723940044DC0B /* TripRouter.swift */; };
		1DCA7CF32B4724190044DC0B /* TripNetworkProviderImpl.swift in Sources */ = {isa = PBXBuildFile; fileRef = 1DCA7CF22B4724190044DC0B /* TripNetworkProviderImpl.swift */; };
		1DCA7CF72B4725670044DC0B /* Coordinator.swift in Sources */ = {isa = PBXBuildFile; fileRef = 1DCA7CF62B4725670044DC0B /* Coordinator.swift */; };
		1DCA7CF92B47257C0044DC0B /* ApplicationCoordinator.swift in Sources */ = {isa = PBXBuildFile; fileRef = 1DCA7CF82B47257C0044DC0B /* ApplicationCoordinator.swift */; };
		1DCA7CFC2B47259E0044DC0B /* CustomHostingController.swift in Sources */ = {isa = PBXBuildFile; fileRef = 1DCA7CFB2B47259E0044DC0B /* CustomHostingController.swift */; };
		1DCA7CFF2B4725AD0044DC0B /* Dip in Frameworks */ = {isa = PBXBuildFile; productRef = 1DCA7CFE2B4725AD0044DC0B /* Dip */; };
		1DCA7D012B4726780044DC0B /* TripListView.swift in Sources */ = {isa = PBXBuildFile; fileRef = 1DCA7D002B4726780044DC0B /* TripListView.swift */; };
		1DCA7D042B4726AD0044DC0B /* DeveloperInstances.swift in Sources */ = {isa = PBXBuildFile; fileRef = 1DCA7D032B4726AD0044DC0B /* DeveloperInstances.swift */; };
		1DCA7D062B4729E40044DC0B /* TripListFactoryView.swift in Sources */ = {isa = PBXBuildFile; fileRef = 1DCA7D052B4729E40044DC0B /* TripListFactoryView.swift */; };
		1DCA7D0B2B472A310044DC0B /* CustomProgressView.swift in Sources */ = {isa = PBXBuildFile; fileRef = 1DCA7D082B472A300044DC0B /* CustomProgressView.swift */; };
		1DCA7D0C2B472A310044DC0B /* ErrorView.swift in Sources */ = {isa = PBXBuildFile; fileRef = 1DCA7D0A2B472A310044DC0B /* ErrorView.swift */; };
		1DCA7D0E2B472B2C0044DC0B /* TripElementView.swift in Sources */ = {isa = PBXBuildFile; fileRef = 1DCA7D0D2B472B2C0044DC0B /* TripElementView.swift */; };
		1DCA7D112B47536A0044DC0B /* TripListCoordinator.swift in Sources */ = {isa = PBXBuildFile; fileRef = 1DCA7D102B47536A0044DC0B /* TripListCoordinator.swift */; };
		1DCA7D142B47551E0044DC0B /* TripListCoordinatorTests.swift in Sources */ = {isa = PBXBuildFile; fileRef = 1DCA7D132B47551E0044DC0B /* TripListCoordinatorTests.swift */; };
		1DCA7D182B4759B30044DC0B /* Location.swift in Sources */ = {isa = PBXBuildFile; fileRef = 1DCA7D172B4759B30044DC0B /* Location.swift */; };
		1DCA7D1A2B4759B80044DC0B /* Point.swift in Sources */ = {isa = PBXBuildFile; fileRef = 1DCA7D192B4759B80044DC0B /* Point.swift */; };
		1DCA7D1C2B4759BD0044DC0B /* Stop.swift in Sources */ = {isa = PBXBuildFile; fileRef = 1DCA7D1B2B4759BD0044DC0B /* Stop.swift */; };
		1DCA7D1E2B475D090044DC0B /* LocationApiModel.swift in Sources */ = {isa = PBXBuildFile; fileRef = 1DCA7D1D2B475D090044DC0B /* LocationApiModel.swift */; };
		1DCA7D202B475D150044DC0B /* StopApiModel.swift in Sources */ = {isa = PBXBuildFile; fileRef = 1DCA7D1F2B475D150044DC0B /* StopApiModel.swift */; };
		1DCA7D222B475D310044DC0B /* PointApiModel.swift in Sources */ = {isa = PBXBuildFile; fileRef = 1DCA7D212B475D310044DC0B /* PointApiModel.swift */; };
		1DCA7D242B475E350044DC0B /* TripApiModelMock.swift in Sources */ = {isa = PBXBuildFile; fileRef = 1DCA7D232B475E350044DC0B /* TripApiModelMock.swift */; };
		1DCA7D262B475F220044DC0B /* TripMock.swift in Sources */ = {isa = PBXBuildFile; fileRef = 1DCA7D252B475F220044DC0B /* TripMock.swift */; };
		1DCA7D282B4765C40044DC0B /* Date+String.swift in Sources */ = {isa = PBXBuildFile; fileRef = 1DCA7D272B4765C40044DC0B /* Date+String.swift */; };
		1DCA7D2E2B4767250044DC0B /* ColorPalette.swift in Sources */ = {isa = PBXBuildFile; fileRef = 1DCA7D2A2B4767250044DC0B /* ColorPalette.swift */; };
		1DCA7D2F2B4767250044DC0B /* MainTheme.swift in Sources */ = {isa = PBXBuildFile; fileRef = 1DCA7D2C2B4767250044DC0B /* MainTheme.swift */; };
		1DCA7D302B4767250044DC0B /* Theme.swift in Sources */ = {isa = PBXBuildFile; fileRef = 1DCA7D2D2B4767250044DC0B /* Theme.swift */; };
		1DCA7D332B4767E10044DC0B /* ViewModifier.swift in Sources */ = {isa = PBXBuildFile; fileRef = 1DCA7D322B4767E10044DC0B /* ViewModifier.swift */; };
		1DCA7D362B4768C40044DC0B /* TripViewModifier.swift in Sources */ = {isa = PBXBuildFile; fileRef = 1DCA7D352B4768C40044DC0B /* TripViewModifier.swift */; };
		1DCA7D392B4769460044DC0B /* TagView.swift in Sources */ = {isa = PBXBuildFile; fileRef = 1DCA7D382B4769460044DC0B /* TagView.swift */; };
		1DCA7D3B2B4769510044DC0B /* Tag.swift in Sources */ = {isa = PBXBuildFile; fileRef = 1DCA7D3A2B4769510044DC0B /* Tag.swift */; };
		1DCA7D3D2B4769CD0044DC0B /* TripStatus.swift in Sources */ = {isa = PBXBuildFile; fileRef = 1DCA7D3C2B4769CD0044DC0B /* TripStatus.swift */; };
		1DEDA4A32B3EC1BA00A0897A /* AppDelegate.swift in Sources */ = {isa = PBXBuildFile; fileRef = 1DEDA4A22B3EC1BA00A0897A /* AppDelegate.swift */; };
		1DEDA4A52B3EC1BA00A0897A /* SceneDelegate.swift in Sources */ = {isa = PBXBuildFile; fileRef = 1DEDA4A42B3EC1BA00A0897A /* SceneDelegate.swift */; };
		1DEDA4A72B3EC1BA00A0897A /* ViewController.swift in Sources */ = {isa = PBXBuildFile; fileRef = 1DEDA4A62B3EC1BA00A0897A /* ViewController.swift */; };
		1DEDA4AC2B3EC1BB00A0897A /* Assets.xcassets in Resources */ = {isa = PBXBuildFile; fileRef = 1DEDA4AB2B3EC1BB00A0897A /* Assets.xcassets */; };
		1DEDA4AF2B3EC1BB00A0897A /* LaunchScreen.storyboard in Resources */ = {isa = PBXBuildFile; fileRef = 1DEDA4AD2B3EC1BB00A0897A /* LaunchScreen.storyboard */; };
		1DEDA4DC2B3ECA3C00A0897A /* Montserrat-Medium.ttf in Resources */ = {isa = PBXBuildFile; fileRef = 1DEDA4D82B3ECA3C00A0897A /* Montserrat-Medium.ttf */; };
		1DEDA4DD2B3ECA3C00A0897A /* Montserrat-Bold.ttf in Resources */ = {isa = PBXBuildFile; fileRef = 1DEDA4D92B3ECA3C00A0897A /* Montserrat-Bold.ttf */; };
		1DEDA4DE2B3ECA3C00A0897A /* Montserrat-SemiBold.ttf in Resources */ = {isa = PBXBuildFile; fileRef = 1DEDA4DA2B3ECA3C00A0897A /* Montserrat-SemiBold.ttf */; };
		1DEDA4DF2B3ECA3C00A0897A /* Montserrat-Regular.ttf in Resources */ = {isa = PBXBuildFile; fileRef = 1DEDA4DB2B3ECA3C00A0897A /* Montserrat-Regular.ttf */; };
		1DEDA4E32B3ED57F00A0897A /* TripListViewModel.swift in Sources */ = {isa = PBXBuildFile; fileRef = 1DEDA4E22B3ED57E00A0897A /* TripListViewModel.swift */; };
		1DEDA4E52B3ED5C000A0897A /* TripListViewModelTests.swift in Sources */ = {isa = PBXBuildFile; fileRef = 1DEDA4E42B3ED5C000A0897A /* TripListViewModelTests.swift */; };
		1DEDA4E92B3ED65F00A0897A /* TripListViewState.swift in Sources */ = {isa = PBXBuildFile; fileRef = 1DEDA4E82B3ED65F00A0897A /* TripListViewState.swift */; };
		1DEDA4F12B3EDDC500A0897A /* FetchTrips.swift in Sources */ = {isa = PBXBuildFile; fileRef = 1DEDA4F02B3EDDC500A0897A /* FetchTrips.swift */; };
		1DEDA4F32B3EDE1100A0897A /* Trip.swift in Sources */ = {isa = PBXBuildFile; fileRef = 1DEDA4F22B3EDE1100A0897A /* Trip.swift */; };
		1DEDA4F52B3EDE5C00A0897A /* FetchTripsMock.swift in Sources */ = {isa = PBXBuildFile; fileRef = 1DEDA4F42B3EDE5C00A0897A /* FetchTripsMock.swift */; };
		1DEDA4F82B3EE21A00A0897A /* Publisher+Utils.swift in Sources */ = {isa = PBXBuildFile; fileRef = 1DEDA4F72B3EE21A00A0897A /* Publisher+Utils.swift */; };
/* End PBXBuildFile section */

/* Begin PBXContainerItemProxy section */
		1DEDA4B62B3EC1BB00A0897A /* PBXContainerItemProxy */ = {
			isa = PBXContainerItemProxy;
			containerPortal = 1DEDA4972B3EC1BA00A0897A /* Project object */;
			proxyType = 1;
			remoteGlobalIDString = 1DEDA49E2B3EC1BA00A0897A;
			remoteInfo = TestCode;
		};
		1DEDA4C02B3EC1BB00A0897A /* PBXContainerItemProxy */ = {
			isa = PBXContainerItemProxy;
			containerPortal = 1DEDA4972B3EC1BA00A0897A /* Project object */;
			proxyType = 1;
			remoteGlobalIDString = 1DEDA49E2B3EC1BA00A0897A;
			remoteInfo = TestCode;
		};
/* End PBXContainerItemProxy section */

/* Begin PBXFileReference section */
		1DCA7CD22B3EE49E0044DC0B /* BasicError.swift */ = {isa = PBXFileReference; fileEncoding = 4; lastKnownFileType = sourcecode.swift; path = BasicError.swift; sourceTree = "<group>"; };
		1DCA7CD42B3EE5890044DC0B /* TripUIModel.swift */ = {isa = PBXFileReference; lastKnownFileType = sourcecode.swift; path = TripUIModel.swift; sourceTree = "<group>"; };
		1DCA7CD62B46D7090044DC0B /* TripRepository.swift */ = {isa = PBXFileReference; lastKnownFileType = sourcecode.swift; path = TripRepository.swift; sourceTree = "<group>"; };
		1DCA7CD82B46D7310044DC0B /* FetchTripsImpl.swift */ = {isa = PBXFileReference; lastKnownFileType = sourcecode.swift; path = FetchTripsImpl.swift; sourceTree = "<group>"; };
		1DCA7CDC2B46D7ED0044DC0B /* TripNetworkProviderMock.swift */ = {isa = PBXFileReference; lastKnownFileType = sourcecode.swift; path = TripNetworkProviderMock.swift; sourceTree = "<group>"; };
		1DCA7CE02B46D8300044DC0B /* TripNetworkProvider.swift */ = {isa = PBXFileReference; lastKnownFileType = sourcecode.swift; path = TripNetworkProvider.swift; sourceTree = "<group>"; };
		1DCA7CE32B46D8640044DC0B /* TripApiModel.swift */ = {isa = PBXFileReference; lastKnownFileType = sourcecode.swift; path = TripApiModel.swift; sourceTree = "<group>"; };
		1DCA7CE52B46D8D80044DC0B /* TripRepositoryTests.swift */ = {isa = PBXFileReference; lastKnownFileType = sourcecode.swift; path = TripRepositoryTests.swift; sourceTree = "<group>"; };
		1DCA7CE72B46D92D0044DC0B /* TripRepositoryImpl.swift */ = {isa = PBXFileReference; lastKnownFileType = sourcecode.swift; path = TripRepositoryImpl.swift; sourceTree = "<group>"; };
		1DCA7CEC2B471DFD0044DC0B /* String+Date.swift */ = {isa = PBXFileReference; lastKnownFileType = sourcecode.swift; path = "String+Date.swift"; sourceTree = "<group>"; };
		1DCA7CEE2B4720F60044DC0B /* TestCoideUITests.swift */ = {isa = PBXFileReference; lastKnownFileType = sourcecode.swift; path = TestCoideUITests.swift; sourceTree = "<group>"; };
		1DCA7CF02B4723940044DC0B /* TripRouter.swift */ = {isa = PBXFileReference; lastKnownFileType = sourcecode.swift; path = TripRouter.swift; sourceTree = "<group>"; };
		1DCA7CF22B4724190044DC0B /* TripNetworkProviderImpl.swift */ = {isa = PBXFileReference; lastKnownFileType = sourcecode.swift; path = TripNetworkProviderImpl.swift; sourceTree = "<group>"; };
		1DCA7CF62B4725670044DC0B /* Coordinator.swift */ = {isa = PBXFileReference; lastKnownFileType = sourcecode.swift; path = Coordinator.swift; sourceTree = "<group>"; };
		1DCA7CF82B47257C0044DC0B /* ApplicationCoordinator.swift */ = {isa = PBXFileReference; lastKnownFileType = sourcecode.swift; path = ApplicationCoordinator.swift; sourceTree = "<group>"; };
		1DCA7CFB2B47259E0044DC0B /* CustomHostingController.swift */ = {isa = PBXFileReference; fileEncoding = 4; lastKnownFileType = sourcecode.swift; path = CustomHostingController.swift; sourceTree = "<group>"; };
		1DCA7D002B4726780044DC0B /* TripListView.swift */ = {isa = PBXFileReference; lastKnownFileType = sourcecode.swift; path = TripListView.swift; sourceTree = "<group>"; };
		1DCA7D032B4726AD0044DC0B /* DeveloperInstances.swift */ = {isa = PBXFileReference; fileEncoding = 4; lastKnownFileType = sourcecode.swift; path = DeveloperInstances.swift; sourceTree = "<group>"; };
		1DCA7D052B4729E40044DC0B /* TripListFactoryView.swift */ = {isa = PBXFileReference; lastKnownFileType = sourcecode.swift; path = TripListFactoryView.swift; sourceTree = "<group>"; };
		1DCA7D082B472A300044DC0B /* CustomProgressView.swift */ = {isa = PBXFileReference; fileEncoding = 4; lastKnownFileType = sourcecode.swift; path = CustomProgressView.swift; sourceTree = "<group>"; };
		1DCA7D0A2B472A310044DC0B /* ErrorView.swift */ = {isa = PBXFileReference; fileEncoding = 4; lastKnownFileType = sourcecode.swift; path = ErrorView.swift; sourceTree = "<group>"; };
		1DCA7D0D2B472B2C0044DC0B /* TripElementView.swift */ = {isa = PBXFileReference; lastKnownFileType = sourcecode.swift; path = TripElementView.swift; sourceTree = "<group>"; };
		1DCA7D102B47536A0044DC0B /* TripListCoordinator.swift */ = {isa = PBXFileReference; lastKnownFileType = sourcecode.swift; path = TripListCoordinator.swift; sourceTree = "<group>"; };
		1DCA7D132B47551E0044DC0B /* TripListCoordinatorTests.swift */ = {isa = PBXFileReference; lastKnownFileType = sourcecode.swift; path = TripListCoordinatorTests.swift; sourceTree = "<group>"; };
		1DCA7D172B4759B30044DC0B /* Location.swift */ = {isa = PBXFileReference; lastKnownFileType = sourcecode.swift; path = Location.swift; sourceTree = "<group>"; };
		1DCA7D192B4759B80044DC0B /* Point.swift */ = {isa = PBXFileReference; lastKnownFileType = sourcecode.swift; path = Point.swift; sourceTree = "<group>"; };
		1DCA7D1B2B4759BD0044DC0B /* Stop.swift */ = {isa = PBXFileReference; lastKnownFileType = sourcecode.swift; path = Stop.swift; sourceTree = "<group>"; };
		1DCA7D1D2B475D090044DC0B /* LocationApiModel.swift */ = {isa = PBXFileReference; lastKnownFileType = sourcecode.swift; path = LocationApiModel.swift; sourceTree = "<group>"; };
		1DCA7D1F2B475D150044DC0B /* StopApiModel.swift */ = {isa = PBXFileReference; lastKnownFileType = sourcecode.swift; path = StopApiModel.swift; sourceTree = "<group>"; };
		1DCA7D212B475D310044DC0B /* PointApiModel.swift */ = {isa = PBXFileReference; lastKnownFileType = sourcecode.swift; path = PointApiModel.swift; sourceTree = "<group>"; };
		1DCA7D232B475E350044DC0B /* TripApiModelMock.swift */ = {isa = PBXFileReference; lastKnownFileType = sourcecode.swift; path = TripApiModelMock.swift; sourceTree = "<group>"; };
		1DCA7D252B475F220044DC0B /* TripMock.swift */ = {isa = PBXFileReference; lastKnownFileType = sourcecode.swift; path = TripMock.swift; sourceTree = "<group>"; };
		1DCA7D272B4765C40044DC0B /* Date+String.swift */ = {isa = PBXFileReference; lastKnownFileType = sourcecode.swift; path = "Date+String.swift"; sourceTree = "<group>"; };
		1DCA7D2A2B4767250044DC0B /* ColorPalette.swift */ = {isa = PBXFileReference; fileEncoding = 4; lastKnownFileType = sourcecode.swift; path = ColorPalette.swift; sourceTree = "<group>"; };
		1DCA7D2C2B4767250044DC0B /* MainTheme.swift */ = {isa = PBXFileReference; fileEncoding = 4; lastKnownFileType = sourcecode.swift; path = MainTheme.swift; sourceTree = "<group>"; };
		1DCA7D2D2B4767250044DC0B /* Theme.swift */ = {isa = PBXFileReference; fileEncoding = 4; lastKnownFileType = sourcecode.swift; path = Theme.swift; sourceTree = "<group>"; };
		1DCA7D322B4767E10044DC0B /* ViewModifier.swift */ = {isa = PBXFileReference; fileEncoding = 4; lastKnownFileType = sourcecode.swift; path = ViewModifier.swift; sourceTree = "<group>"; };
		1DCA7D352B4768C40044DC0B /* TripViewModifier.swift */ = {isa = PBXFileReference; lastKnownFileType = sourcecode.swift; path = TripViewModifier.swift; sourceTree = "<group>"; };
		1DCA7D382B4769460044DC0B /* TagView.swift */ = {isa = PBXFileReference; lastKnownFileType = sourcecode.swift; path = TagView.swift; sourceTree = "<group>"; };
		1DCA7D3A2B4769510044DC0B /* Tag.swift */ = {isa = PBXFileReference; lastKnownFileType = sourcecode.swift; path = Tag.swift; sourceTree = "<group>"; };
		1DCA7D3C2B4769CD0044DC0B /* TripStatus.swift */ = {isa = PBXFileReference; lastKnownFileType = sourcecode.swift; path = TripStatus.swift; sourceTree = "<group>"; };
		1DEDA49F2B3EC1BA00A0897A /* TestCode.app */ = {isa = PBXFileReference; explicitFileType = wrapper.application; includeInIndex = 0; path = TestCode.app; sourceTree = BUILT_PRODUCTS_DIR; };
		1DEDA4A22B3EC1BA00A0897A /* AppDelegate.swift */ = {isa = PBXFileReference; lastKnownFileType = sourcecode.swift; path = AppDelegate.swift; sourceTree = "<group>"; };
		1DEDA4A42B3EC1BA00A0897A /* SceneDelegate.swift */ = {isa = PBXFileReference; lastKnownFileType = sourcecode.swift; path = SceneDelegate.swift; sourceTree = "<group>"; };
		1DEDA4A62B3EC1BA00A0897A /* ViewController.swift */ = {isa = PBXFileReference; lastKnownFileType = sourcecode.swift; path = ViewController.swift; sourceTree = "<group>"; };
		1DEDA4AB2B3EC1BB00A0897A /* Assets.xcassets */ = {isa = PBXFileReference; lastKnownFileType = folder.assetcatalog; path = Assets.xcassets; sourceTree = "<group>"; };
		1DEDA4AE2B3EC1BB00A0897A /* Base */ = {isa = PBXFileReference; lastKnownFileType = file.storyboard; name = Base; path = Base.lproj/LaunchScreen.storyboard; sourceTree = "<group>"; };
		1DEDA4B02B3EC1BB00A0897A /* Info.plist */ = {isa = PBXFileReference; lastKnownFileType = text.plist.xml; path = Info.plist; sourceTree = "<group>"; };
		1DEDA4B52B3EC1BB00A0897A /* TestCodeTests.xctest */ = {isa = PBXFileReference; explicitFileType = wrapper.cfbundle; includeInIndex = 0; path = TestCodeTests.xctest; sourceTree = BUILT_PRODUCTS_DIR; };
		1DEDA4BF2B3EC1BB00A0897A /* TestCodeUITests.xctest */ = {isa = PBXFileReference; explicitFileType = wrapper.cfbundle; includeInIndex = 0; path = TestCodeUITests.xctest; sourceTree = BUILT_PRODUCTS_DIR; };
		1DEDA4D82B3ECA3C00A0897A /* Montserrat-Medium.ttf */ = {isa = PBXFileReference; lastKnownFileType = file; path = "Montserrat-Medium.ttf"; sourceTree = "<group>"; };
		1DEDA4D92B3ECA3C00A0897A /* Montserrat-Bold.ttf */ = {isa = PBXFileReference; lastKnownFileType = file; path = "Montserrat-Bold.ttf"; sourceTree = "<group>"; };
		1DEDA4DA2B3ECA3C00A0897A /* Montserrat-SemiBold.ttf */ = {isa = PBXFileReference; lastKnownFileType = file; path = "Montserrat-SemiBold.ttf"; sourceTree = "<group>"; };
		1DEDA4DB2B3ECA3C00A0897A /* Montserrat-Regular.ttf */ = {isa = PBXFileReference; lastKnownFileType = file; path = "Montserrat-Regular.ttf"; sourceTree = "<group>"; };
		1DEDA4E22B3ED57E00A0897A /* TripListViewModel.swift */ = {isa = PBXFileReference; lastKnownFileType = sourcecode.swift; path = TripListViewModel.swift; sourceTree = "<group>"; };
		1DEDA4E42B3ED5C000A0897A /* TripListViewModelTests.swift */ = {isa = PBXFileReference; lastKnownFileType = sourcecode.swift; path = TripListViewModelTests.swift; sourceTree = "<group>"; };
		1DEDA4E82B3ED65F00A0897A /* TripListViewState.swift */ = {isa = PBXFileReference; lastKnownFileType = sourcecode.swift; path = TripListViewState.swift; sourceTree = "<group>"; };
		1DEDA4F02B3EDDC500A0897A /* FetchTrips.swift */ = {isa = PBXFileReference; lastKnownFileType = sourcecode.swift; path = FetchTrips.swift; sourceTree = "<group>"; };
		1DEDA4F22B3EDE1100A0897A /* Trip.swift */ = {isa = PBXFileReference; lastKnownFileType = sourcecode.swift; path = Trip.swift; sourceTree = "<group>"; };
		1DEDA4F42B3EDE5C00A0897A /* FetchTripsMock.swift */ = {isa = PBXFileReference; lastKnownFileType = sourcecode.swift; path = FetchTripsMock.swift; sourceTree = "<group>"; };
		1DEDA4F72B3EE21A00A0897A /* Publisher+Utils.swift */ = {isa = PBXFileReference; fileEncoding = 4; lastKnownFileType = sourcecode.swift; path = "Publisher+Utils.swift"; sourceTree = "<group>"; };
/* End PBXFileReference section */

/* Begin PBXFrameworksBuildPhase section */
		1DEDA49C2B3EC1BA00A0897A /* Frameworks */ = {
			isa = PBXFrameworksBuildPhase;
			buildActionMask = 2147483647;
			files = (
				1DCA7CFF2B4725AD0044DC0B /* Dip in Frameworks */,
			);
			runOnlyForDeploymentPostprocessing = 0;
		};
		1DEDA4B22B3EC1BB00A0897A /* Frameworks */ = {
			isa = PBXFrameworksBuildPhase;
			buildActionMask = 2147483647;
			files = (
			);
			runOnlyForDeploymentPostprocessing = 0;
		};
		1DEDA4BC2B3EC1BB00A0897A /* Frameworks */ = {
			isa = PBXFrameworksBuildPhase;
			buildActionMask = 2147483647;
			files = (
			);
			runOnlyForDeploymentPostprocessing = 0;
		};
/* End PBXFrameworksBuildPhase section */

/* Begin PBXGroup section */
		1DCA7CD12B3EE49E0044DC0B /* Error */ = {
			isa = PBXGroup;
			children = (
				1DCA7CD22B3EE49E0044DC0B /* BasicError.swift */,
			);
			path = Error;
			sourceTree = "<group>";
		};
		1DCA7CDA2B46D7AD0044DC0B /* Repository */ = {
			isa = PBXGroup;
			children = (
				1DCA7CDB2B46D7B80044DC0B /* Mock */,
				1DCA7CE52B46D8D80044DC0B /* TripRepositoryTests.swift */,
			);
			path = Repository;
			sourceTree = "<group>";
		};
		1DCA7CDB2B46D7B80044DC0B /* Mock */ = {
			isa = PBXGroup;
			children = (
				1DCA7CDC2B46D7ED0044DC0B /* TripNetworkProviderMock.swift */,
				1DCA7D232B475E350044DC0B /* TripApiModelMock.swift */,
			);
			path = Mock;
			sourceTree = "<group>";
		};
		1DCA7CDE2B46D8010044DC0B /* Data */ = {
			isa = PBXGroup;
			children = (
				1DCA7CDF2B46D80A0044DC0B /* Provider */,
				1DCA7CE72B46D92D0044DC0B /* TripRepositoryImpl.swift */,
			);
			path = Data;
			sourceTree = "<group>";
		};
		1DCA7CDF2B46D80A0044DC0B /* Provider */ = {
			isa = PBXGroup;
			children = (
				1DCA7CE22B46D8580044DC0B /* Model */,
				1DCA7CF42B47245E0044DC0B /* Router */,
				1DCA7CF22B4724190044DC0B /* TripNetworkProviderImpl.swift */,
				1DCA7CE02B46D8300044DC0B /* TripNetworkProvider.swift */,
			);
			path = Provider;
			sourceTree = "<group>";
		};
		1DCA7CE22B46D8580044DC0B /* Model */ = {
			isa = PBXGroup;
			children = (
				1DCA7CE32B46D8640044DC0B /* TripApiModel.swift */,
				1DCA7D1D2B475D090044DC0B /* LocationApiModel.swift */,
				1DCA7D1F2B475D150044DC0B /* StopApiModel.swift */,
				1DCA7D212B475D310044DC0B /* PointApiModel.swift */,
			);
			path = Model;
			sourceTree = "<group>";
		};
		1DCA7CE92B471CB90044DC0B /* Foundation */ = {
			isa = PBXGroup;
			children = (
				1DCA7CEB2B471DF10044DC0B /* String */,
				1DCA7CEA2B471CC50044DC0B /* Date */,
			);
			path = Foundation;
			sourceTree = "<group>";
		};
		1DCA7CEA2B471CC50044DC0B /* Date */ = {
			isa = PBXGroup;
			children = (
				1DCA7D272B4765C40044DC0B /* Date+String.swift */,
			);
			path = Date;
			sourceTree = "<group>";
		};
		1DCA7CEB2B471DF10044DC0B /* String */ = {
			isa = PBXGroup;
			children = (
				1DCA7CEC2B471DFD0044DC0B /* String+Date.swift */,
			);
			path = String;
			sourceTree = "<group>";
		};
		1DCA7CF42B47245E0044DC0B /* Router */ = {
			isa = PBXGroup;
			children = (
				1DCA7CF02B4723940044DC0B /* TripRouter.swift */,
			);
			path = Router;
			sourceTree = "<group>";
		};
		1DCA7CF52B4725370044DC0B /* Coordinator */ = {
			isa = PBXGroup;
			children = (
				1DCA7CF62B4725670044DC0B /* Coordinator.swift */,
				1DCA7CF82B47257C0044DC0B /* ApplicationCoordinator.swift */,
			);
			path = Coordinator;
			sourceTree = "<group>";
		};
		1DCA7CFA2B47259E0044DC0B /* HostingController */ = {
			isa = PBXGroup;
			children = (
				1DCA7CFB2B47259E0044DC0B /* CustomHostingController.swift */,
			);
			path = HostingController;
			sourceTree = "<group>";
		};
		1DCA7D022B4726AD0044DC0B /* Dependencies */ = {
			isa = PBXGroup;
			children = (
				1DCA7D032B4726AD0044DC0B /* DeveloperInstances.swift */,
			);
			path = Dependencies;
			sourceTree = "<group>";
		};
		1DCA7D072B472A300044DC0B /* ProgressView */ = {
			isa = PBXGroup;
			children = (
				1DCA7D082B472A300044DC0B /* CustomProgressView.swift */,
			);
			path = ProgressView;
			sourceTree = "<group>";
		};
		1DCA7D092B472A310044DC0B /* ErrorView */ = {
			isa = PBXGroup;
			children = (
				1DCA7D0A2B472A310044DC0B /* ErrorView.swift */,
			);
			path = ErrorView;
			sourceTree = "<group>";
		};
		1DCA7D0F2B47535C0044DC0B /* Coordinator */ = {
			isa = PBXGroup;
			children = (
				1DCA7D102B47536A0044DC0B /* TripListCoordinator.swift */,
			);
			path = Coordinator;
			sourceTree = "<group>";
		};
		1DCA7D122B4755020044DC0B /* Coordinator */ = {
			isa = PBXGroup;
			children = (
				1DCA7D132B47551E0044DC0B /* TripListCoordinatorTests.swift */,
			);
			path = Coordinator;
			sourceTree = "<group>";
		};
		1DCA7D162B4757500044DC0B /* TripList */ = {
			isa = PBXGroup;
			children = (
				1DCA7D122B4755020044DC0B /* Coordinator */,
				1DCA7CDA2B46D7AD0044DC0B /* Repository */,
				1DEDA4D22B3EC9CA00A0897A /* ViewModel */,
			);
			path = TripList;
			sourceTree = "<group>";
		};
		1DCA7D292B4767250044DC0B /* Color */ = {
			isa = PBXGroup;
			children = (
				1DCA7D2A2B4767250044DC0B /* ColorPalette.swift */,
			);
			path = Color;
			sourceTree = "<group>";
		};
		1DCA7D2B2B4767250044DC0B /* Themes */ = {
			isa = PBXGroup;
			children = (
				1DCA7D2C2B4767250044DC0B /* MainTheme.swift */,
				1DCA7D2D2B4767250044DC0B /* Theme.swift */,
			);
			path = Themes;
			sourceTree = "<group>";
		};
		1DCA7D312B4767E10044DC0B /* ViewModifier */ = {
			isa = PBXGroup;
			children = (
				1DCA7D322B4767E10044DC0B /* ViewModifier.swift */,
			);
			path = ViewModifier;
			sourceTree = "<group>";
		};
		1DCA7D342B4768BB0044DC0B /* ViewModifier */ = {
			isa = PBXGroup;
			children = (
				1DCA7D352B4768C40044DC0B /* TripViewModifier.swift */,
			);
			path = ViewModifier;
			sourceTree = "<group>";
		};
		1DCA7D372B47693B0044DC0B /* TagView */ = {
			isa = PBXGroup;
			children = (
				1DCA7D382B4769460044DC0B /* TagView.swift */,
				1DCA7D3A2B4769510044DC0B /* Tag.swift */,
			);
			path = TagView;
			sourceTree = "<group>";
		};
		1DEDA4962B3EC1BA00A0897A = {
			isa = PBXGroup;
			children = (
				1DEDA4A12B3EC1BA00A0897A /* TestCode */,
				1DEDA4B82B3EC1BB00A0897A /* TestCodeTests */,
				1DEDA4C22B3EC1BB00A0897A /* TestCodeUITests */,
				1DEDA4A02B3EC1BA00A0897A /* Products */,
			);
			sourceTree = "<group>";
		};
		1DEDA4A02B3EC1BA00A0897A /* Products */ = {
			isa = PBXGroup;
			children = (
				1DEDA49F2B3EC1BA00A0897A /* TestCode.app */,
				1DEDA4B52B3EC1BB00A0897A /* TestCodeTests.xctest */,
				1DEDA4BF2B3EC1BB00A0897A /* TestCodeUITests.xctest */,
			);
			name = Products;
			sourceTree = "<group>";
		};
		1DEDA4A12B3EC1BA00A0897A /* TestCode */ = {
			isa = PBXGroup;
			children = (
				1DEDA4D62B3ECA0000A0897A /* Resources */,
				1DEDA4D32B3EC9E600A0897A /* Core */,
				1DCA7CE92B471CB90044DC0B /* Foundation */,
				1DEDA4D42B3EC9ED00A0897A /* UIComponents */,
				1DEDA4D52B3EC9F900A0897A /* Features */,
				1DEDA4A22B3EC1BA00A0897A /* AppDelegate.swift */,
				1DEDA4A42B3EC1BA00A0897A /* SceneDelegate.swift */,
				1DEDA4A62B3EC1BA00A0897A /* ViewController.swift */,
				1DEDA4AD2B3EC1BB00A0897A /* LaunchScreen.storyboard */,
			);
			path = TestCode;
			sourceTree = "<group>";
		};
		1DEDA4B82B3EC1BB00A0897A /* TestCodeTests */ = {
			isa = PBXGroup;
			children = (
				1DCA7D162B4757500044DC0B /* TripList */,
			);
			path = TestCodeTests;
			sourceTree = "<group>";
		};
		1DEDA4C22B3EC1BB00A0897A /* TestCodeUITests */ = {
			isa = PBXGroup;
			children = (
				1DCA7CEE2B4720F60044DC0B /* TestCoideUITests.swift */,
			);
			path = TestCodeUITests;
			sourceTree = "<group>";
		};
		1DEDA4D22B3EC9CA00A0897A /* ViewModel */ = {
			isa = PBXGroup;
			children = (
				1DEDA4EA2B3ED6FC00A0897A /* Mock */,
				1DEDA4E42B3ED5C000A0897A /* TripListViewModelTests.swift */,
			);
			path = ViewModel;
			sourceTree = "<group>";
		};
		1DEDA4D32B3EC9E600A0897A /* Core */ = {
			isa = PBXGroup;
			children = (
				1DCA7D022B4726AD0044DC0B /* Dependencies */,
				1DCA7CF52B4725370044DC0B /* Coordinator */,
				1DCA7CD12B3EE49E0044DC0B /* Error */,
				1DEDA4F62B3EE21A00A0897A /* Combine */,
			);
			path = Core;
			sourceTree = "<group>";
		};
		1DEDA4D42B3EC9ED00A0897A /* UIComponents */ = {
			isa = PBXGroup;
			children = (
				1DCA7D372B47693B0044DC0B /* TagView */,
				1DCA7D312B4767E10044DC0B /* ViewModifier */,
				1DCA7D292B4767250044DC0B /* Color */,
				1DCA7D2B2B4767250044DC0B /* Themes */,
				1DCA7D092B472A310044DC0B /* ErrorView */,
				1DCA7D072B472A300044DC0B /* ProgressView */,
				1DCA7CFA2B47259E0044DC0B /* HostingController */,
			);
			path = UIComponents;
			sourceTree = "<group>";
		};
		1DEDA4D52B3EC9F900A0897A /* Features */ = {
			isa = PBXGroup;
			children = (
				1DEDA4E02B3ED55800A0897A /* TripList */,
			);
			path = Features;
			sourceTree = "<group>";
		};
		1DEDA4D62B3ECA0000A0897A /* Resources */ = {
			isa = PBXGroup;
			children = (
				1DEDA4B02B3EC1BB00A0897A /* Info.plist */,
				1DEDA4D72B3ECA3C00A0897A /* Fonts */,
				1DEDA4AB2B3EC1BB00A0897A /* Assets.xcassets */,
			);
			path = Resources;
			sourceTree = "<group>";
		};
		1DEDA4D72B3ECA3C00A0897A /* Fonts */ = {
			isa = PBXGroup;
			children = (
				1DEDA4D82B3ECA3C00A0897A /* Montserrat-Medium.ttf */,
				1DEDA4D92B3ECA3C00A0897A /* Montserrat-Bold.ttf */,
				1DEDA4DA2B3ECA3C00A0897A /* Montserrat-SemiBold.ttf */,
				1DEDA4DB2B3ECA3C00A0897A /* Montserrat-Regular.ttf */,
			);
			path = Fonts;
			sourceTree = "<group>";
		};
		1DEDA4E02B3ED55800A0897A /* TripList */ = {
			isa = PBXGroup;
			children = (
				1DCA7CDE2B46D8010044DC0B /* Data */,
				1DEDA4ED2B3EDD7B00A0897A /* Domain */,
				1DEDA4E12B3ED56200A0897A /* Presentation */,
			);
			path = TripList;
			sourceTree = "<group>";
		};
		1DEDA4E12B3ED56200A0897A /* Presentation */ = {
			isa = PBXGroup;
			children = (
				1DCA7D342B4768BB0044DC0B /* ViewModifier */,
				1DCA7D0F2B47535C0044DC0B /* Coordinator */,
				1DEDA4E72B3ED64C00A0897A /* Model */,
				1DEDA4E62B3ED64300A0897A /* UI */,
				1DEDA4E22B3ED57E00A0897A /* TripListViewModel.swift */,
			);
			path = Presentation;
			sourceTree = "<group>";
		};
		1DEDA4E62B3ED64300A0897A /* UI */ = {
			isa = PBXGroup;
			children = (
				1DEDA4E82B3ED65F00A0897A /* TripListViewState.swift */,
				1DCA7D002B4726780044DC0B /* TripListView.swift */,
				1DCA7D052B4729E40044DC0B /* TripListFactoryView.swift */,
				1DCA7D0D2B472B2C0044DC0B /* TripElementView.swift */,
			);
			path = UI;
			sourceTree = "<group>";
		};
		1DEDA4E72B3ED64C00A0897A /* Model */ = {
			isa = PBXGroup;
			children = (
				1DCA7CD42B3EE5890044DC0B /* TripUIModel.swift */,
				1DCA7D3C2B4769CD0044DC0B /* TripStatus.swift */,
			);
			path = Model;
			sourceTree = "<group>";
		};
		1DEDA4EA2B3ED6FC00A0897A /* Mock */ = {
			isa = PBXGroup;
			children = (
				1DEDA4F42B3EDE5C00A0897A /* FetchTripsMock.swift */,
				1DCA7D252B475F220044DC0B /* TripMock.swift */,
			);
			path = Mock;
			sourceTree = "<group>";
		};
		1DEDA4ED2B3EDD7B00A0897A /* Domain */ = {
			isa = PBXGroup;
			children = (
				1DEDA4EF2B3EDDB300A0897A /* Model */,
				1DEDA4EE2B3EDDA900A0897A /* UseCase */,
				1DCA7CD62B46D7090044DC0B /* TripRepository.swift */,
			);
			path = Domain;
			sourceTree = "<group>";
		};
		1DEDA4EE2B3EDDA900A0897A /* UseCase */ = {
			isa = PBXGroup;
			children = (
				1DEDA4F02B3EDDC500A0897A /* FetchTrips.swift */,
				1DCA7CD82B46D7310044DC0B /* FetchTripsImpl.swift */,
			);
			path = UseCase;
			sourceTree = "<group>";
		};
		1DEDA4EF2B3EDDB300A0897A /* Model */ = {
			isa = PBXGroup;
			children = (
				1DEDA4F22B3EDE1100A0897A /* Trip.swift */,
				1DCA7D172B4759B30044DC0B /* Location.swift */,
				1DCA7D192B4759B80044DC0B /* Point.swift */,
				1DCA7D1B2B4759BD0044DC0B /* Stop.swift */,
			);
			path = Model;
			sourceTree = "<group>";
		};
		1DEDA4F62B3EE21A00A0897A /* Combine */ = {
			isa = PBXGroup;
			children = (
				1DEDA4F72B3EE21A00A0897A /* Publisher+Utils.swift */,
			);
			path = Combine;
			sourceTree = "<group>";
		};
/* End PBXGroup section */

/* Begin PBXNativeTarget section */
		1DEDA49E2B3EC1BA00A0897A /* TestCode */ = {
			isa = PBXNativeTarget;
			buildConfigurationList = 1DEDA4C92B3EC1BB00A0897A /* Build configuration list for PBXNativeTarget "TestCode" */;
			buildPhases = (
				1DEDA49B2B3EC1BA00A0897A /* Sources */,
				1DEDA49C2B3EC1BA00A0897A /* Frameworks */,
				1DEDA49D2B3EC1BA00A0897A /* Resources */,
			);
			buildRules = (
			);
			dependencies = (
			);
			name = TestCode;
			packageProductDependencies = (
				1DCA7CFE2B4725AD0044DC0B /* Dip */,
			);
			productName = TestCode;
			productReference = 1DEDA49F2B3EC1BA00A0897A /* TestCode.app */;
			productType = "com.apple.product-type.application";
		};
		1DEDA4B42B3EC1BB00A0897A /* TestCodeTests */ = {
			isa = PBXNativeTarget;
			buildConfigurationList = 1DEDA4CC2B3EC1BB00A0897A /* Build configuration list for PBXNativeTarget "TestCodeTests" */;
			buildPhases = (
				1DEDA4B12B3EC1BB00A0897A /* Sources */,
				1DEDA4B22B3EC1BB00A0897A /* Frameworks */,
				1DEDA4B32B3EC1BB00A0897A /* Resources */,
			);
			buildRules = (
			);
			dependencies = (
				1DEDA4B72B3EC1BB00A0897A /* PBXTargetDependency */,
			);
			name = TestCodeTests;
			productName = TestCodeTests;
			productReference = 1DEDA4B52B3EC1BB00A0897A /* TestCodeTests.xctest */;
			productType = "com.apple.product-type.bundle.unit-test";
		};
		1DEDA4BE2B3EC1BB00A0897A /* TestCodeUITests */ = {
			isa = PBXNativeTarget;
			buildConfigurationList = 1DEDA4CF2B3EC1BB00A0897A /* Build configuration list for PBXNativeTarget "TestCodeUITests" */;
			buildPhases = (
				1DEDA4BB2B3EC1BB00A0897A /* Sources */,
				1DEDA4BC2B3EC1BB00A0897A /* Frameworks */,
				1DEDA4BD2B3EC1BB00A0897A /* Resources */,
			);
			buildRules = (
			);
			dependencies = (
				1DEDA4C12B3EC1BB00A0897A /* PBXTargetDependency */,
			);
			name = TestCodeUITests;
			productName = TestCodeUITests;
			productReference = 1DEDA4BF2B3EC1BB00A0897A /* TestCodeUITests.xctest */;
			productType = "com.apple.product-type.bundle.ui-testing";
		};
/* End PBXNativeTarget section */

/* Begin PBXProject section */
		1DEDA4972B3EC1BA00A0897A /* Project object */ = {
			isa = PBXProject;
			attributes = {
				BuildIndependentTargetsInParallel = 1;
				LastSwiftUpdateCheck = 1430;
				LastUpgradeCheck = 1430;
				TargetAttributes = {
					1DEDA49E2B3EC1BA00A0897A = {
						CreatedOnToolsVersion = 14.3.1;
					};
					1DEDA4B42B3EC1BB00A0897A = {
						CreatedOnToolsVersion = 14.3.1;
						LastSwiftMigration = 1430;
						TestTargetID = 1DEDA49E2B3EC1BA00A0897A;
					};
					1DEDA4BE2B3EC1BB00A0897A = {
						CreatedOnToolsVersion = 14.3.1;
						LastSwiftMigration = 1430;
						TestTargetID = 1DEDA49E2B3EC1BA00A0897A;
					};
				};
			};
			buildConfigurationList = 1DEDA49A2B3EC1BA00A0897A /* Build configuration list for PBXProject "TestCode" */;
			compatibilityVersion = "Xcode 14.0";
			developmentRegion = en;
			hasScannedForEncodings = 0;
			knownRegions = (
				en,
				Base,
			);
			mainGroup = 1DEDA4962B3EC1BA00A0897A;
			packageReferences = (
				1DCA7CFD2B4725AD0044DC0B /* XCRemoteSwiftPackageReference "Dip" */,
			);
			productRefGroup = 1DEDA4A02B3EC1BA00A0897A /* Products */;
			projectDirPath = "";
			projectRoot = "";
			targets = (
				1DEDA49E2B3EC1BA00A0897A /* TestCode */,
				1DEDA4B42B3EC1BB00A0897A /* TestCodeTests */,
				1DEDA4BE2B3EC1BB00A0897A /* TestCodeUITests */,
			);
		};
/* End PBXProject section */

/* Begin PBXResourcesBuildPhase section */
		1DEDA49D2B3EC1BA00A0897A /* Resources */ = {
			isa = PBXResourcesBuildPhase;
			buildActionMask = 2147483647;
			files = (
				1DEDA4DE2B3ECA3C00A0897A /* Montserrat-SemiBold.ttf in Resources */,
				1DEDA4DD2B3ECA3C00A0897A /* Montserrat-Bold.ttf in Resources */,
				1DEDA4DF2B3ECA3C00A0897A /* Montserrat-Regular.ttf in Resources */,
				1DEDA4AF2B3EC1BB00A0897A /* LaunchScreen.storyboard in Resources */,
				1DEDA4AC2B3EC1BB00A0897A /* Assets.xcassets in Resources */,
				1DEDA4DC2B3ECA3C00A0897A /* Montserrat-Medium.ttf in Resources */,
			);
			runOnlyForDeploymentPostprocessing = 0;
		};
		1DEDA4B32B3EC1BB00A0897A /* Resources */ = {
			isa = PBXResourcesBuildPhase;
			buildActionMask = 2147483647;
			files = (
			);
			runOnlyForDeploymentPostprocessing = 0;
		};
		1DEDA4BD2B3EC1BB00A0897A /* Resources */ = {
			isa = PBXResourcesBuildPhase;
			buildActionMask = 2147483647;
			files = (
			);
			runOnlyForDeploymentPostprocessing = 0;
		};
/* End PBXResourcesBuildPhase section */

/* Begin PBXSourcesBuildPhase section */
		1DEDA49B2B3EC1BA00A0897A /* Sources */ = {
			isa = PBXSourcesBuildPhase;
			buildActionMask = 2147483647;
			files = (
				1DCA7CD52B3EE5890044DC0B /* TripUIModel.swift in Sources */,
				1DCA7D0E2B472B2C0044DC0B /* TripElementView.swift in Sources */,
				1DCA7CD92B46D7310044DC0B /* FetchTripsImpl.swift in Sources */,
				1DCA7D3D2B4769CD0044DC0B /* TripStatus.swift in Sources */,
				1DCA7D042B4726AD0044DC0B /* DeveloperInstances.swift in Sources */,
				1DEDA4A72B3EC1BA00A0897A /* ViewController.swift in Sources */,
				1DCA7D012B4726780044DC0B /* TripListView.swift in Sources */,
				1DCA7D182B4759B30044DC0B /* Location.swift in Sources */,
				1DCA7CF12B4723940044DC0B /* TripRouter.swift in Sources */,
				1DCA7CF32B4724190044DC0B /* TripNetworkProviderImpl.swift in Sources */,
				1DEDA4E32B3ED57F00A0897A /* TripListViewModel.swift in Sources */,
				1DCA7CF72B4725670044DC0B /* Coordinator.swift in Sources */,
				1DCA7D2E2B4767250044DC0B /* ColorPalette.swift in Sources */,
				1DEDA4F82B3EE21A00A0897A /* Publisher+Utils.swift in Sources */,
				1DCA7D302B4767250044DC0B /* Theme.swift in Sources */,
				1DCA7CE42B46D8640044DC0B /* TripApiModel.swift in Sources */,
				1DCA7D0C2B472A310044DC0B /* ErrorView.swift in Sources */,
				1DCA7CE12B46D8300044DC0B /* TripNetworkProvider.swift in Sources */,
				1DCA7D1C2B4759BD0044DC0B /* Stop.swift in Sources */,
				1DEDA4A32B3EC1BA00A0897A /* AppDelegate.swift in Sources */,
				1DCA7D112B47536A0044DC0B /* TripListCoordinator.swift in Sources */,
				1DCA7CD32B3EE49E0044DC0B /* BasicError.swift in Sources */,
				1DCA7D202B475D150044DC0B /* StopApiModel.swift in Sources */,
				1DCA7CFC2B47259E0044DC0B /* CustomHostingController.swift in Sources */,
				1DEDA4E92B3ED65F00A0897A /* TripListViewState.swift in Sources */,
				1DCA7D3B2B4769510044DC0B /* Tag.swift in Sources */,
				1DCA7D1E2B475D090044DC0B /* LocationApiModel.swift in Sources */,
				1DCA7CD72B46D7090044DC0B /* TripRepository.swift in Sources */,
				1DCA7CE82B46D92D0044DC0B /* TripRepositoryImpl.swift in Sources */,
				1DCA7D0B2B472A310044DC0B /* CustomProgressView.swift in Sources */,
				1DCA7D332B4767E10044DC0B /* ViewModifier.swift in Sources */,
				1DCA7D062B4729E40044DC0B /* TripListFactoryView.swift in Sources */,
				1DCA7CF92B47257C0044DC0B /* ApplicationCoordinator.swift in Sources */,
				1DCA7D282B4765C40044DC0B /* Date+String.swift in Sources */,
				1DCA7D2F2B4767250044DC0B /* MainTheme.swift in Sources */,
				1DCA7CED2B471DFD0044DC0B /* String+Date.swift in Sources */,
				1DCA7D392B4769460044DC0B /* TagView.swift in Sources */,
				1DCA7D362B4768C40044DC0B /* TripViewModifier.swift in Sources */,
				1DCA7D1A2B4759B80044DC0B /* Point.swift in Sources */,
				1DEDA4A52B3EC1BA00A0897A /* SceneDelegate.swift in Sources */,
				1DCA7D222B475D310044DC0B /* PointApiModel.swift in Sources */,
				1DEDA4F32B3EDE1100A0897A /* Trip.swift in Sources */,
				1DEDA4F12B3EDDC500A0897A /* FetchTrips.swift in Sources */,
			);
			runOnlyForDeploymentPostprocessing = 0;
		};
		1DEDA4B12B3EC1BB00A0897A /* Sources */ = {
			isa = PBXSourcesBuildPhase;
			buildActionMask = 2147483647;
			files = (
				1DEDA4E52B3ED5C000A0897A /* TripListViewModelTests.swift in Sources */,
				1DCA7D242B475E350044DC0B /* TripApiModelMock.swift in Sources */,
				1DCA7CDD2B46D7ED0044DC0B /* TripNetworkProviderMock.swift in Sources */,
				1DCA7CE62B46D8D80044DC0B /* TripRepositoryTests.swift in Sources */,
				1DCA7D262B475F220044DC0B /* TripMock.swift in Sources */,
				1DEDA4F52B3EDE5C00A0897A /* FetchTripsMock.swift in Sources */,
				1DCA7D142B47551E0044DC0B /* TripListCoordinatorTests.swift in Sources */,
			);
			runOnlyForDeploymentPostprocessing = 0;
		};
		1DEDA4BB2B3EC1BB00A0897A /* Sources */ = {
			isa = PBXSourcesBuildPhase;
			buildActionMask = 2147483647;
			files = (
				1DCA7CEF2B4720F60044DC0B /* TestCoideUITests.swift in Sources */,
			);
			runOnlyForDeploymentPostprocessing = 0;
		};
/* End PBXSourcesBuildPhase section */

/* Begin PBXTargetDependency section */
		1DEDA4B72B3EC1BB00A0897A /* PBXTargetDependency */ = {
			isa = PBXTargetDependency;
			target = 1DEDA49E2B3EC1BA00A0897A /* TestCode */;
			targetProxy = 1DEDA4B62B3EC1BB00A0897A /* PBXContainerItemProxy */;
		};
		1DEDA4C12B3EC1BB00A0897A /* PBXTargetDependency */ = {
			isa = PBXTargetDependency;
			target = 1DEDA49E2B3EC1BA00A0897A /* TestCode */;
			targetProxy = 1DEDA4C02B3EC1BB00A0897A /* PBXContainerItemProxy */;
		};
/* End PBXTargetDependency section */

/* Begin PBXVariantGroup section */
		1DEDA4AD2B3EC1BB00A0897A /* LaunchScreen.storyboard */ = {
			isa = PBXVariantGroup;
			children = (
				1DEDA4AE2B3EC1BB00A0897A /* Base */,
			);
			name = LaunchScreen.storyboard;
			sourceTree = "<group>";
		};
/* End PBXVariantGroup section */

/* Begin XCBuildConfiguration section */
		1DEDA4C72B3EC1BB00A0897A /* Debug */ = {
			isa = XCBuildConfiguration;
			buildSettings = {
				ALWAYS_SEARCH_USER_PATHS = NO;
				CLANG_ANALYZER_NONNULL = YES;
				CLANG_ANALYZER_NUMBER_OBJECT_CONVERSION = YES_AGGRESSIVE;
				CLANG_CXX_LANGUAGE_STANDARD = "gnu++20";
				CLANG_ENABLE_MODULES = YES;
				CLANG_ENABLE_OBJC_ARC = YES;
				CLANG_ENABLE_OBJC_WEAK = YES;
				CLANG_WARN_BLOCK_CAPTURE_AUTORELEASING = YES;
				CLANG_WARN_BOOL_CONVERSION = YES;
				CLANG_WARN_COMMA = YES;
				CLANG_WARN_CONSTANT_CONVERSION = YES;
				CLANG_WARN_DEPRECATED_OBJC_IMPLEMENTATIONS = YES;
				CLANG_WARN_DIRECT_OBJC_ISA_USAGE = YES_ERROR;
				CLANG_WARN_DOCUMENTATION_COMMENTS = YES;
				CLANG_WARN_EMPTY_BODY = YES;
				CLANG_WARN_ENUM_CONVERSION = YES;
				CLANG_WARN_INFINITE_RECURSION = YES;
				CLANG_WARN_INT_CONVERSION = YES;
				CLANG_WARN_NON_LITERAL_NULL_CONVERSION = YES;
				CLANG_WARN_OBJC_IMPLICIT_RETAIN_SELF = YES;
				CLANG_WARN_OBJC_LITERAL_CONVERSION = YES;
				CLANG_WARN_OBJC_ROOT_CLASS = YES_ERROR;
				CLANG_WARN_QUOTED_INCLUDE_IN_FRAMEWORK_HEADER = YES;
				CLANG_WARN_RANGE_LOOP_ANALYSIS = YES;
				CLANG_WARN_STRICT_PROTOTYPES = YES;
				CLANG_WARN_SUSPICIOUS_MOVE = YES;
				CLANG_WARN_UNGUARDED_AVAILABILITY = YES_AGGRESSIVE;
				CLANG_WARN_UNREACHABLE_CODE = YES;
				CLANG_WARN__DUPLICATE_METHOD_MATCH = YES;
				COPY_PHASE_STRIP = NO;
				DEBUG_INFORMATION_FORMAT = dwarf;
				ENABLE_STRICT_OBJC_MSGSEND = YES;
				ENABLE_TESTABILITY = YES;
				GCC_C_LANGUAGE_STANDARD = gnu11;
				GCC_DYNAMIC_NO_PIC = NO;
				GCC_NO_COMMON_BLOCKS = YES;
				GCC_OPTIMIZATION_LEVEL = 0;
				GCC_PREPROCESSOR_DEFINITIONS = (
					"DEBUG=1",
					"$(inherited)",
				);
				GCC_WARN_64_TO_32_BIT_CONVERSION = YES;
				GCC_WARN_ABOUT_RETURN_TYPE = YES_ERROR;
				GCC_WARN_UNDECLARED_SELECTOR = YES;
				GCC_WARN_UNINITIALIZED_AUTOS = YES_AGGRESSIVE;
				GCC_WARN_UNUSED_FUNCTION = YES;
				GCC_WARN_UNUSED_VARIABLE = YES;
				IPHONEOS_DEPLOYMENT_TARGET = 16.4;
				MTL_ENABLE_DEBUG_INFO = INCLUDE_SOURCE;
				MTL_FAST_MATH = YES;
				ONLY_ACTIVE_ARCH = YES;
				SDKROOT = iphoneos;
				SWIFT_ACTIVE_COMPILATION_CONDITIONS = DEBUG;
				SWIFT_OPTIMIZATION_LEVEL = "-Onone";
			};
			name = Debug;
		};
		1DEDA4C82B3EC1BB00A0897A /* Release */ = {
			isa = XCBuildConfiguration;
			buildSettings = {
				ALWAYS_SEARCH_USER_PATHS = NO;
				CLANG_ANALYZER_NONNULL = YES;
				CLANG_ANALYZER_NUMBER_OBJECT_CONVERSION = YES_AGGRESSIVE;
				CLANG_CXX_LANGUAGE_STANDARD = "gnu++20";
				CLANG_ENABLE_MODULES = YES;
				CLANG_ENABLE_OBJC_ARC = YES;
				CLANG_ENABLE_OBJC_WEAK = YES;
				CLANG_WARN_BLOCK_CAPTURE_AUTORELEASING = YES;
				CLANG_WARN_BOOL_CONVERSION = YES;
				CLANG_WARN_COMMA = YES;
				CLANG_WARN_CONSTANT_CONVERSION = YES;
				CLANG_WARN_DEPRECATED_OBJC_IMPLEMENTATIONS = YES;
				CLANG_WARN_DIRECT_OBJC_ISA_USAGE = YES_ERROR;
				CLANG_WARN_DOCUMENTATION_COMMENTS = YES;
				CLANG_WARN_EMPTY_BODY = YES;
				CLANG_WARN_ENUM_CONVERSION = YES;
				CLANG_WARN_INFINITE_RECURSION = YES;
				CLANG_WARN_INT_CONVERSION = YES;
				CLANG_WARN_NON_LITERAL_NULL_CONVERSION = YES;
				CLANG_WARN_OBJC_IMPLICIT_RETAIN_SELF = YES;
				CLANG_WARN_OBJC_LITERAL_CONVERSION = YES;
				CLANG_WARN_OBJC_ROOT_CLASS = YES_ERROR;
				CLANG_WARN_QUOTED_INCLUDE_IN_FRAMEWORK_HEADER = YES;
				CLANG_WARN_RANGE_LOOP_ANALYSIS = YES;
				CLANG_WARN_STRICT_PROTOTYPES = YES;
				CLANG_WARN_SUSPICIOUS_MOVE = YES;
				CLANG_WARN_UNGUARDED_AVAILABILITY = YES_AGGRESSIVE;
				CLANG_WARN_UNREACHABLE_CODE = YES;
				CLANG_WARN__DUPLICATE_METHOD_MATCH = YES;
				COPY_PHASE_STRIP = NO;
				DEBUG_INFORMATION_FORMAT = "dwarf-with-dsym";
				ENABLE_NS_ASSERTIONS = NO;
				ENABLE_STRICT_OBJC_MSGSEND = YES;
				GCC_C_LANGUAGE_STANDARD = gnu11;
				GCC_NO_COMMON_BLOCKS = YES;
				GCC_WARN_64_TO_32_BIT_CONVERSION = YES;
				GCC_WARN_ABOUT_RETURN_TYPE = YES_ERROR;
				GCC_WARN_UNDECLARED_SELECTOR = YES;
				GCC_WARN_UNINITIALIZED_AUTOS = YES_AGGRESSIVE;
				GCC_WARN_UNUSED_FUNCTION = YES;
				GCC_WARN_UNUSED_VARIABLE = YES;
				IPHONEOS_DEPLOYMENT_TARGET = 16.4;
				MTL_ENABLE_DEBUG_INFO = NO;
				MTL_FAST_MATH = YES;
				SDKROOT = iphoneos;
				SWIFT_COMPILATION_MODE = wholemodule;
				SWIFT_OPTIMIZATION_LEVEL = "-O";
				VALIDATE_PRODUCT = YES;
			};
			name = Release;
		};
		1DEDA4CA2B3EC1BB00A0897A /* Debug */ = {
			isa = XCBuildConfiguration;
			buildSettings = {
				ASSETCATALOG_COMPILER_APPICON_NAME = AppIcon;
				ASSETCATALOG_COMPILER_GLOBAL_ACCENT_COLOR_NAME = AccentColor;
				CODE_SIGN_STYLE = Automatic;
				CURRENT_PROJECT_VERSION = 1;
				DEVELOPMENT_TEAM = 8PLK35ZR99;
				GENERATE_INFOPLIST_FILE = YES;
				INFOPLIST_FILE = TestCode/Resources/Info.plist;
				INFOPLIST_KEY_UIApplicationSupportsIndirectInputEvents = YES;
				INFOPLIST_KEY_UILaunchStoryboardName = LaunchScreen;
				INFOPLIST_KEY_UISupportedInterfaceOrientations_iPad = "UIInterfaceOrientationPortrait UIInterfaceOrientationPortraitUpsideDown UIInterfaceOrientationLandscapeLeft UIInterfaceOrientationLandscapeRight";
				INFOPLIST_KEY_UISupportedInterfaceOrientations_iPhone = "UIInterfaceOrientationPortrait UIInterfaceOrientationLandscapeLeft UIInterfaceOrientationLandscapeRight";
				LD_RUNPATH_SEARCH_PATHS = (
					"$(inherited)",
					"@executable_path/Frameworks",
				);
				MARKETING_VERSION = 1.0;
				PRODUCT_BUNDLE_IDENTIFIER = com.carlos.code.TestCode;
				PRODUCT_NAME = "$(TARGET_NAME)";
				SWIFT_EMIT_LOC_STRINGS = YES;
				SWIFT_VERSION = 5.0;
				TARGETED_DEVICE_FAMILY = "1,2";
			};
			name = Debug;
		};
		1DEDA4CB2B3EC1BB00A0897A /* Release */ = {
			isa = XCBuildConfiguration;
			buildSettings = {
				ASSETCATALOG_COMPILER_APPICON_NAME = AppIcon;
				ASSETCATALOG_COMPILER_GLOBAL_ACCENT_COLOR_NAME = AccentColor;
				CODE_SIGN_STYLE = Automatic;
				CURRENT_PROJECT_VERSION = 1;
				DEVELOPMENT_TEAM = 8PLK35ZR99;
				GENERATE_INFOPLIST_FILE = YES;
				INFOPLIST_FILE = TestCode/Resources/Info.plist;
				INFOPLIST_KEY_UIApplicationSupportsIndirectInputEvents = YES;
				INFOPLIST_KEY_UILaunchStoryboardName = LaunchScreen;
				INFOPLIST_KEY_UISupportedInterfaceOrientations_iPad = "UIInterfaceOrientationPortrait UIInterfaceOrientationPortraitUpsideDown UIInterfaceOrientationLandscapeLeft UIInterfaceOrientationLandscapeRight";
				INFOPLIST_KEY_UISupportedInterfaceOrientations_iPhone = "UIInterfaceOrientationPortrait UIInterfaceOrientationLandscapeLeft UIInterfaceOrientationLandscapeRight";
				LD_RUNPATH_SEARCH_PATHS = (
					"$(inherited)",
					"@executable_path/Frameworks",
				);
				MARKETING_VERSION = 1.0;
				PRODUCT_BUNDLE_IDENTIFIER = com.carlos.code.TestCode;
				PRODUCT_NAME = "$(TARGET_NAME)";
				SWIFT_EMIT_LOC_STRINGS = YES;
				SWIFT_VERSION = 5.0;
				TARGETED_DEVICE_FAMILY = "1,2";
			};
			name = Release;
		};
		1DEDA4CD2B3EC1BB00A0897A /* Debug */ = {
			isa = XCBuildConfiguration;
			buildSettings = {
				ALWAYS_EMBED_SWIFT_STANDARD_LIBRARIES = YES;
				BUNDLE_LOADER = "$(TEST_HOST)";
				CLANG_ENABLE_MODULES = YES;
				CODE_SIGN_STYLE = Automatic;
				CURRENT_PROJECT_VERSION = 1;
				DEVELOPMENT_TEAM = 8PLK35ZR99;
				GENERATE_INFOPLIST_FILE = YES;
				IPHONEOS_DEPLOYMENT_TARGET = 16.4;
				MARKETING_VERSION = 1.0;
				PRODUCT_BUNDLE_IDENTIFIER = com.carlos.code.TestCodeTests;
				PRODUCT_NAME = "$(TARGET_NAME)";
				SWIFT_EMIT_LOC_STRINGS = NO;
				SWIFT_OPTIMIZATION_LEVEL = "-Onone";
				SWIFT_VERSION = 5.0;
				TARGETED_DEVICE_FAMILY = "1,2";
				TEST_HOST = "$(BUILT_PRODUCTS_DIR)/TestCode.app/$(BUNDLE_EXECUTABLE_FOLDER_PATH)/TestCode";
			};
			name = Debug;
		};
		1DEDA4CE2B3EC1BB00A0897A /* Release */ = {
			isa = XCBuildConfiguration;
			buildSettings = {
				ALWAYS_EMBED_SWIFT_STANDARD_LIBRARIES = YES;
				BUNDLE_LOADER = "$(TEST_HOST)";
				CLANG_ENABLE_MODULES = YES;
				CODE_SIGN_STYLE = Automatic;
				CURRENT_PROJECT_VERSION = 1;
				DEVELOPMENT_TEAM = 8PLK35ZR99;
				GENERATE_INFOPLIST_FILE = YES;
				IPHONEOS_DEPLOYMENT_TARGET = 16.4;
				MARKETING_VERSION = 1.0;
				PRODUCT_BUNDLE_IDENTIFIER = com.carlos.code.TestCodeTests;
				PRODUCT_NAME = "$(TARGET_NAME)";
				SWIFT_EMIT_LOC_STRINGS = NO;
				SWIFT_VERSION = 5.0;
				TARGETED_DEVICE_FAMILY = "1,2";
				TEST_HOST = "$(BUILT_PRODUCTS_DIR)/TestCode.app/$(BUNDLE_EXECUTABLE_FOLDER_PATH)/TestCode";
			};
			name = Release;
		};
		1DEDA4D02B3EC1BB00A0897A /* Debug */ = {
			isa = XCBuildConfiguration;
			buildSettings = {
				ALWAYS_EMBED_SWIFT_STANDARD_LIBRARIES = YES;
				CLANG_ENABLE_MODULES = YES;
				CODE_SIGN_STYLE = Automatic;
				CURRENT_PROJECT_VERSION = 1;
				DEVELOPMENT_TEAM = 8PLK35ZR99;
				GENERATE_INFOPLIST_FILE = YES;
				MARKETING_VERSION = 1.0;
				PRODUCT_BUNDLE_IDENTIFIER = com.carlos.code.TestCodeUITests;
				PRODUCT_NAME = "$(TARGET_NAME)";
				SWIFT_EMIT_LOC_STRINGS = NO;
				SWIFT_OPTIMIZATION_LEVEL = "-Onone";
				SWIFT_VERSION = 5.0;
				TARGETED_DEVICE_FAMILY = "1,2";
				TEST_TARGET_NAME = TestCode;
			};
			name = Debug;
		};
		1DEDA4D12B3EC1BB00A0897A /* Release */ = {
			isa = XCBuildConfiguration;
			buildSettings = {
				ALWAYS_EMBED_SWIFT_STANDARD_LIBRARIES = YES;
				CLANG_ENABLE_MODULES = YES;
				CODE_SIGN_STYLE = Automatic;
				CURRENT_PROJECT_VERSION = 1;
				DEVELOPMENT_TEAM = 8PLK35ZR99;
				GENERATE_INFOPLIST_FILE = YES;
				MARKETING_VERSION = 1.0;
				PRODUCT_BUNDLE_IDENTIFIER = com.carlos.code.TestCodeUITests;
				PRODUCT_NAME = "$(TARGET_NAME)";
				SWIFT_EMIT_LOC_STRINGS = NO;
				SWIFT_VERSION = 5.0;
				TARGETED_DEVICE_FAMILY = "1,2";
				TEST_TARGET_NAME = TestCode;
			};
			name = Release;
		};
/* End XCBuildConfiguration section */

/* Begin XCConfigurationList section */
		1DEDA49A2B3EC1BA00A0897A /* Build configuration list for PBXProject "TestCode" */ = {
			isa = XCConfigurationList;
			buildConfigurations = (
				1DEDA4C72B3EC1BB00A0897A /* Debug */,
				1DEDA4C82B3EC1BB00A0897A /* Release */,
			);
			defaultConfigurationIsVisible = 0;
			defaultConfigurationName = Release;
		};
		1DEDA4C92B3EC1BB00A0897A /* Build configuration list for PBXNativeTarget "TestCode" */ = {
			isa = XCConfigurationList;
			buildConfigurations = (
				1DEDA4CA2B3EC1BB00A0897A /* Debug */,
				1DEDA4CB2B3EC1BB00A0897A /* Release */,
			);
			defaultConfigurationIsVisible = 0;
			defaultConfigurationName = Release;
		};
		1DEDA4CC2B3EC1BB00A0897A /* Build configuration list for PBXNativeTarget "TestCodeTests" */ = {
			isa = XCConfigurationList;
			buildConfigurations = (
				1DEDA4CD2B3EC1BB00A0897A /* Debug */,
				1DEDA4CE2B3EC1BB00A0897A /* Release */,
			);
			defaultConfigurationIsVisible = 0;
			defaultConfigurationName = Release;
		};
		1DEDA4CF2B3EC1BB00A0897A /* Build configuration list for PBXNativeTarget "TestCodeUITests" */ = {
			isa = XCConfigurationList;
			buildConfigurations = (
				1DEDA4D02B3EC1BB00A0897A /* Debug */,
				1DEDA4D12B3EC1BB00A0897A /* Release */,
			);
			defaultConfigurationIsVisible = 0;
			defaultConfigurationName = Release;
		};
/* End XCConfigurationList section */

/* Begin XCRemoteSwiftPackageReference section */
		1DCA7CFD2B4725AD0044DC0B /* XCRemoteSwiftPackageReference "Dip" */ = {
			isa = XCRemoteSwiftPackageReference;
			repositoryURL = "https://github.com/AliSoftware/Dip.git";
			requirement = {
				kind = upToNextMajorVersion;
				minimumVersion = 7.0.0;
			};
		};
/* End XCRemoteSwiftPackageReference section */

/* Begin XCSwiftPackageProductDependency section */
		1DCA7CFE2B4725AD0044DC0B /* Dip */ = {
			isa = XCSwiftPackageProductDependency;
			package = 1DCA7CFD2B4725AD0044DC0B /* XCRemoteSwiftPackageReference "Dip" */;
			productName = Dip;
		};
/* End XCSwiftPackageProductDependency section */
	};
	rootObject = 1DEDA4972B3EC1BA00A0897A /* Project object */;
}
